
Microsoft Visual Studio Solution File, Format Version 12.00
# Visual Studio 2013
VisualStudioVersion = 12.0.21005.1
MinimumVisualStudioVersion = 10.0.40219.1
Project("{FAE04EC0-301F-11D3-BF4B-00C04F79EFBC}") = "OAuthWeb", "OAuthWeb\OAuthWeb.csproj", "{523083A2-8C6B-4A5D-8165-2EA391790405}"
EndProject
Global
	GlobalSection(SolutionConfigurationPlatforms) = preSolution
		Debug|Any CPU = Debug|Any CPU
		Release|Any CPU = Release|Any CPU
	EndGlobalSection
	GlobalSection(ProjectConfigurationPlatforms) = postSolution
		{523083A2-8C6B-4A5D-8165-2EA391790405}.Debug|Any CPU.ActiveCfg = Debug|Any CPU
		{523083A2-8C6B-4A5D-8165-2EA391790405}.Debug|Any CPU.Build.0 = Debug|Any CPU
		{523083A2-8C6B-4A5D-8165-2EA391790405}.Release|Any CPU.ActiveCfg = Release|Any CPU
		{523083A2-8C6B-4A5D-8165-2EA391790405}.Release|Any CPU.Build.0 = Release|Any CPU
	EndGlobalSection
	GlobalSection(SolutionProperties) = preSolution
		HideSolutionNode = FALSE
	EndGlobalSection
EndGlobal
